{
    "version": 3,
    "terraform_version": "0.11.13",
    "serial": 20,
    "lineage": "956f8288-65aa-e674-20ba-15c29ff1075d",
    "modules": [
        {
            "path": [
                "root"
            ],
            "outputs": {},
            "resources": {
                "aws_default_network_acl.user18_default": {
                    "type": "aws_default_network_acl",
                    "depends_on": [
                        "aws_subnet.private_1a",
                        "aws_subnet.private_1c",
                        "aws_subnet.public_1a",
                        "aws_subnet.public_1c",
                        "aws_vpc.user18vpc"
                    ],
                    "primary": {
                        "id": "acl-0c63ec9eac72d89c2",
                        "attributes": {
                            "default_network_acl_id": "acl-0c63ec9eac72d89c2",
                            "egress.#": "1",
                            "egress.1401401844.action": "allow",
                            "egress.1401401844.cidr_block": "0.0.0.0/0",
                            "egress.1401401844.from_port": "0",
                            "egress.1401401844.icmp_code": "0",
                            "egress.1401401844.icmp_type": "0",
                            "egress.1401401844.ipv6_cidr_block": "",
                            "egress.1401401844.protocol": "-1",
                            "egress.1401401844.rule_no": "100",
                            "egress.1401401844.to_port": "0",
                            "id": "acl-0c63ec9eac72d89c2",
                            "ingress.#": "1",
                            "ingress.1401401844.action": "allow",
                            "ingress.1401401844.cidr_block": "0.0.0.0/0",
                            "ingress.1401401844.from_port": "0",
                            "ingress.1401401844.icmp_code": "0",
                            "ingress.1401401844.icmp_type": "0",
                            "ingress.1401401844.ipv6_cidr_block": "",
                            "ingress.1401401844.protocol": "-1",
                            "ingress.1401401844.rule_no": "100",
                            "ingress.1401401844.to_port": "0",
                            "owner_id": "715652651898",
                            "subnet_ids.#": "4",
                            "subnet_ids.1610360163": "subnet-0dce54e3eef03095f",
                            "subnet_ids.1852285838": "subnet-072f15c87d93a7028",
                            "subnet_ids.2874373709": "subnet-004ef402ea7812ec3",
                            "subnet_ids.3170522177": "subnet-0ae49c085cf6d9ddc",
                            "tags.%": "1",
                            "tags.Name": "user18-default",
                            "vpc_id": "vpc-091ee5d45607a85e6"
                        },
                        "meta": {},
                        "tainted": false
                    },
                    "deposed": [],
                    "provider": "provider.aws"
                },
                "aws_default_security_group.user18_default": {
                    "type": "aws_default_security_group",
                    "depends_on": [
                        "aws_vpc.user18vpc"
                    ],
                    "primary": {
                        "id": "sg-0883397bca399f063",
                        "attributes": {
                            "arn": "arn:aws:ec2:ap-northeast-1:715652651898:security-group/sg-0883397bca399f063",
                            "egress.#": "1",
                            "egress.482069346.cidr_blocks.#": "1",
                            "egress.482069346.cidr_blocks.0": "0.0.0.0/0",
                            "egress.482069346.description": "",
                            "egress.482069346.from_port": "0",
                            "egress.482069346.ipv6_cidr_blocks.#": "0",
                            "egress.482069346.prefix_list_ids.#": "0",
                            "egress.482069346.protocol": "-1",
                            "egress.482069346.security_groups.#": "0",
                            "egress.482069346.self": "false",
                            "egress.482069346.to_port": "0",
                            "id": "sg-0883397bca399f063",
                            "ingress.#": "1",
                            "ingress.753360330.cidr_blocks.#": "0",
                            "ingress.753360330.description": "",
                            "ingress.753360330.from_port": "0",
                            "ingress.753360330.ipv6_cidr_blocks.#": "0",
                            "ingress.753360330.prefix_list_ids.#": "0",
                            "ingress.753360330.protocol": "-1",
                            "ingress.753360330.security_groups.#": "0",
                            "ingress.753360330.self": "true",
                            "ingress.753360330.to_port": "0",
                            "name": "default",
                            "owner_id": "715652651898",
                            "revoke_rules_on_delete": "false",
                            "tags.%": "1",
                            "tags.Name": "user18-default",
                            "vpc_id": "vpc-091ee5d45607a85e6"
                        },
                        "meta": {
                            "e2bfb730-ecaa-11e6-8f88-34363bc7c4c0": {
                                "create": 600000000000,
                                "delete": 600000000000
                            },
                            "schema_version": "1"
                        },
                        "tainted": false
                    },
                    "deposed": [],
                    "provider": "provider.aws"
                },
                "aws_eip.user18_bastion_1a": {
                    "type": "aws_eip",
                    "depends_on": [
                        "aws_instance.user18_bastion_1a"
                    ],
                    "primary": {
                        "id": "eipalloc-06cf047dc1df039bd",
                        "attributes": {
                            "association_id": "eipassoc-05ec5d088ce2903c5",
                            "domain": "vpc",
                            "id": "eipalloc-06cf047dc1df039bd",
                            "instance": "i-064aa6ecf9fd7ae96",
                            "network_interface": "eni-0d38ec101b94f21e1",
                            "private_dns": "ip-18-0-1-161.ap-northeast-1.compute.internal",
                            "private_ip": "18.0.1.161",
                            "public_dns": "ec2-13-114-96-213.ap-northeast-1.compute.amazonaws.com",
                            "public_ip": "13.114.96.213",
                            "public_ipv4_pool": "amazon",
                            "tags.%": "0",
                            "vpc": "true"
                        },
                        "meta": {
                            "e2bfb730-ecaa-11e6-8f88-34363bc7c4c0": {
                                "delete": 180000000000,
                                "read": 900000000000,
                                "update": 300000000000
                            }
                        },
                        "tainted": false
                    },
                    "deposed": [],
                    "provider": "provider.aws"
                },
                "aws_eip.user18_nat_1a": {
                    "type": "aws_eip",
                    "depends_on": [],
                    "primary": {
                        "id": "eipalloc-0bdc88afff7926419",
                        "attributes": {
                            "association_id": "eipassoc-0042f2f08736c5b54",
                            "domain": "vpc",
                            "id": "eipalloc-0bdc88afff7926419",
                            "instance": "",
                            "network_interface": "eni-036f119abb7bc6840",
                            "private_dns": "ip-18-0-1-159.ap-northeast-1.compute.internal",
                            "private_ip": "18.0.1.159",
                            "public_dns": "ec2-13-230-107-150.ap-northeast-1.compute.amazonaws.com",
                            "public_ip": "13.230.107.150",
                            "public_ipv4_pool": "amazon",
                            "tags.%": "0",
                            "vpc": "true"
                        },
                        "meta": {
                            "e2bfb730-ecaa-11e6-8f88-34363bc7c4c0": {
                                "delete": 180000000000,
                                "read": 900000000000,
                                "update": 300000000000
                            }
                        },
                        "tainted": false
                    },
                    "deposed": [],
                    "provider": "provider.aws"
                },
                "aws_eip.user18_nat_1c": {
                    "type": "aws_eip",
                    "depends_on": [],
                    "primary": {
                        "id": "eipalloc-0d4490dd2ec5364ae",
                        "attributes": {
                            "association_id": "eipassoc-0a2d53f282006b011",
                            "domain": "vpc",
                            "id": "eipalloc-0d4490dd2ec5364ae",
                            "instance": "",
                            "network_interface": "eni-02613c7606a7073ae",
                            "private_dns": "ip-18-0-2-33.ap-northeast-1.compute.internal",
                            "private_ip": "18.0.2.33",
                            "public_dns": "ec2-52-194-55-239.ap-northeast-1.compute.amazonaws.com",
                            "public_ip": "52.194.55.239",
                            "public_ipv4_pool": "amazon",
                            "tags.%": "0",
                            "vpc": "true"
                        },
                        "meta": {
                            "e2bfb730-ecaa-11e6-8f88-34363bc7c4c0": {
                                "delete": 180000000000,
                                "read": 900000000000,
                                "update": 300000000000
                            }
                        },
                        "tainted": false
                    },
                    "deposed": [],
                    "provider": "provider.aws"
                },
                "aws_instance.user18_bastion_1a": {
                    "type": "aws_instance",
                    "depends_on": [
                        "aws_default_security_group.user18_default",
                        "aws_security_group.user18_bastion",
                        "aws_subnet.public_1a"
                    ],
                    "primary": {
                        "id": "i-064aa6ecf9fd7ae96",
                        "attributes": {
                            "ami": "ami-0f9ae750e8274075b",
                            "arn": "arn:aws:ec2:ap-northeast-1:715652651898:instance/i-064aa6ecf9fd7ae96",
                            "associate_public_ip_address": "true",
                            "availability_zone": "ap-northeast-1a",
                            "cpu_core_count": "1",
                            "cpu_threads_per_core": "1",
                            "credit_specification.#": "1",
                            "credit_specification.0.cpu_credits": "standard",
                            "disable_api_termination": "false",
                            "ebs_block_device.#": "0",
                            "ebs_optimized": "false",
                            "ephemeral_block_device.#": "0",
                            "get_password_data": "false",
                            "iam_instance_profile": "",
                            "id": "i-064aa6ecf9fd7ae96",
                            "instance_state": "running",
                            "instance_type": "t2.nano",
                            "ipv6_addresses.#": "0",
                            "key_name": "2dal-user18",
                            "monitoring": "false",
                            "network_interface.#": "0",
                            "password_data": "",
                            "placement_group": "",
                            "primary_network_interface_id": "eni-0d38ec101b94f21e1",
                            "private_dns": "ip-18-0-1-161.ap-northeast-1.compute.internal",
                            "private_ip": "18.0.1.161",
                            "public_dns": "ec2-13-114-96-213.ap-northeast-1.compute.amazonaws.com",
                            "public_ip": "13.114.96.213",
                            "root_block_device.#": "1",
                            "root_block_device.0.delete_on_termination": "true",
                            "root_block_device.0.iops": "100",
                            "root_block_device.0.volume_id": "vol-0b7160eed8fe13fae",
                            "root_block_device.0.volume_size": "8",
                            "root_block_device.0.volume_type": "gp2",
                            "security_groups.#": "0",
                            "source_dest_check": "true",
                            "subnet_id": "subnet-0dce54e3eef03095f",
                            "tags.%": "1",
                            "tags.Name": "user18_bastion-1a",
                            "tenancy": "default",
                            "volume_tags.%": "0",
                            "vpc_security_group_ids.#": "2",
                            "vpc_security_group_ids.192610898": "sg-0883397bca399f063",
                            "vpc_security_group_ids.4005480503": "sg-00e807262e45837b2"
                        },
                        "meta": {
                            "e2bfb730-ecaa-11e6-8f88-34363bc7c4c0": {
                                "create": 600000000000,
                                "delete": 1200000000000,
                                "update": 600000000000
                            },
                            "schema_version": "1"
                        },
                        "tainted": false
                    },
                    "deposed": [],
                    "provider": "provider.aws"
                },
                "aws_instance.user18_bastion_1c": {
                    "type": "aws_instance",
                    "depends_on": [
                        "aws_default_security_group.user18_default",
                        "aws_security_group.user18_bastion",
                        "aws_subnet.private_1c"
                    ],
                    "primary": {
                        "id": "i-0ac4d98cb22514089",
                        "attributes": {
                            "ami": "ami-0f9ae750e8274075b",
                            "arn": "arn:aws:ec2:ap-northeast-1:715652651898:instance/i-0ac4d98cb22514089",
                            "associate_public_ip_address": "false",
                            "availability_zone": "ap-northeast-1c",
                            "cpu_core_count": "1",
                            "cpu_threads_per_core": "1",
                            "credit_specification.#": "1",
                            "credit_specification.0.cpu_credits": "standard",
                            "disable_api_termination": "false",
                            "ebs_block_device.#": "0",
                            "ebs_optimized": "false",
                            "ephemeral_block_device.#": "0",
                            "get_password_data": "false",
                            "iam_instance_profile": "",
                            "id": "i-0ac4d98cb22514089",
                            "instance_state": "running",
                            "instance_type": "t2.nano",
                            "ipv6_addresses.#": "0",
                            "key_name": "2dal-user18",
                            "monitoring": "false",
                            "network_interface.#": "0",
                            "password_data": "",
                            "placement_group": "",
                            "primary_network_interface_id": "eni-07286a716d7b3b7c1",
                            "private_dns": "ip-18-0-102-48.ap-northeast-1.compute.internal",
                            "private_ip": "18.0.102.48",
                            "public_dns": "",
                            "public_ip": "",
                            "root_block_device.#": "1",
                            "root_block_device.0.delete_on_termination": "true",
                            "root_block_device.0.iops": "100",
                            "root_block_device.0.volume_id": "vol-0594aee91941f9679",
                            "root_block_device.0.volume_size": "8",
                            "root_block_device.0.volume_type": "gp2",
                            "security_groups.#": "0",
                            "source_dest_check": "true",
                            "subnet_id": "subnet-0ae49c085cf6d9ddc",
                            "tags.%": "1",
                            "tags.Name": "user18_bastion-1c",
                            "tenancy": "default",
                            "volume_tags.%": "0",
                            "vpc_security_group_ids.#": "2",
                            "vpc_security_group_ids.192610898": "sg-0883397bca399f063",
                            "vpc_security_group_ids.4005480503": "sg-00e807262e45837b2"
                        },
                        "meta": {
                            "e2bfb730-ecaa-11e6-8f88-34363bc7c4c0": {
                                "create": 600000000000,
                                "delete": 1200000000000,
                                "update": 600000000000
                            },
                            "schema_version": "1"
                        },
                        "tainted": false
                    },
                    "deposed": [],
                    "provider": "provider.aws"
                },
                "aws_internet_gateway.user18ig": {
                    "type": "aws_internet_gateway",
                    "depends_on": [
                        "aws_vpc.user18vpc"
                    ],
                    "primary": {
                        "id": "igw-02b400dcaaec4004f",
                        "attributes": {
                            "id": "igw-02b400dcaaec4004f",
                            "owner_id": "715652651898",
                            "tags.%": "1",
                            "tags.Name": "user18ig",
                            "vpc_id": "vpc-091ee5d45607a85e6"
                        },
                        "meta": {},
                        "tainted": false
                    },
                    "deposed": [],
                    "provider": "provider.aws"
                },
                "aws_key_pair.deployer": {
                    "type": "aws_key_pair",
                    "depends_on": [],
                    "primary": {
                        "id": "2dal-user18",
                        "attributes": {
                            "fingerprint": "61:fd:55:09:65:d6:15:c4:ad:32:39:ba:51:32:3b:7f",
                            "id": "2dal-user18",
                            "key_name": "2dal-user18",
                            "public_key": "ssh-rsa AAAAB3NzaC1yc2EAAAADAQABAAABAQDYvfz4W5EdhFrV2Y85FnN5sK/FvwEPbxUjMA9qO1QjcQZ7Dq4NCoV22roySjMaIXEujGi/UAWhozYJ3+OoXDDsK72CLAgDiO5Ufjo32wgg5yhlQXrKVGIIiAi1vPzmpMzVLxXI8ayrrLfpbcLvxDwSLM6EcDecbw/RD8DONY8+7b/HVR4BRmVRyLEh5ZMHXJt91+EOYkyspFRAyL18l5H4HEEl/o1/qkAlWsw7iwwq1X+F+3WjdkCb/VINmHJDXq/550itqJ3BbeXY/M2vzi62mWjl+/Ptgyvo6EicV5dhLogVe6I0BQLr2hLv/09NhPfMJYidVMcBd7SqqWagUfp7 user18@cc-8ac63454-5469578767-bnvch"
                        },
                        "meta": {
                            "schema_version": "1"
                        },
                        "tainted": false
                    },
                    "deposed": [],
                    "provider": "provider.aws"
                },
                "aws_nat_gateway.user18_1a": {
                    "type": "aws_nat_gateway",
                    "depends_on": [
                        "aws_eip.user18_nat_1a",
                        "aws_subnet.public_1a"
                    ],
                    "primary": {
                        "id": "nat-02ccb6e907212402e",
                        "attributes": {
                            "allocation_id": "eipalloc-0bdc88afff7926419",
                            "id": "nat-02ccb6e907212402e",
                            "network_interface_id": "eni-036f119abb7bc6840",
                            "private_ip": "18.0.1.159",
                            "public_ip": "13.230.107.150",
                            "subnet_id": "subnet-0dce54e3eef03095f",
                            "tags.%": "0"
                        },
                        "meta": {},
                        "tainted": false
                    },
                    "deposed": [],
                    "provider": "provider.aws"
                },
                "aws_nat_gateway.user18_1c": {
                    "type": "aws_nat_gateway",
                    "depends_on": [
                        "aws_eip.user18_nat_1c",
                        "aws_subnet.public_1c"
                    ],
                    "primary": {
                        "id": "nat-094a16240387843f9",
                        "attributes": {
                            "allocation_id": "eipalloc-0d4490dd2ec5364ae",
                            "id": "nat-094a16240387843f9",
                            "network_interface_id": "eni-02613c7606a7073ae",
                            "private_ip": "18.0.2.33",
                            "public_ip": "52.194.55.239",
                            "subnet_id": "subnet-072f15c87d93a7028",
                            "tags.%": "0"
                        },
                        "meta": {},
                        "tainted": false
                    },
                    "deposed": [],
                    "provider": "provider.aws"
                },
                "aws_route_table.user18_private_1a": {
                    "type": "aws_route_table",
                    "depends_on": [
                        "aws_nat_gateway.user18_1a",
                        "aws_vpc.user18vpc"
                    ],
                    "primary": {
                        "id": "rtb-0b3a7c14b26b38ddd",
                        "attributes": {
                            "id": "rtb-0b3a7c14b26b38ddd",
                            "owner_id": "715652651898",
                            "propagating_vgws.#": "0",
                            "route.#": "1",
                            "route.1230486316.cidr_block": "0.0.0.0/0",
                            "route.1230486316.egress_only_gateway_id": "",
                            "route.1230486316.gateway_id": "",
                            "route.1230486316.instance_id": "",
                            "route.1230486316.ipv6_cidr_block": "",
                            "route.1230486316.nat_gateway_id": "nat-02ccb6e907212402e",
                            "route.1230486316.network_interface_id": "",
                            "route.1230486316.transit_gateway_id": "",
                            "route.1230486316.vpc_peering_connection_id": "",
                            "tags.%": "1",
                            "tags.Name": "user18-private-1a",
                            "vpc_id": "vpc-091ee5d45607a85e6"
                        },
                        "meta": {},
                        "tainted": false
                    },
                    "deposed": [],
                    "provider": "provider.aws"
                },
                "aws_route_table.user18_private_1c": {
                    "type": "aws_route_table",
                    "depends_on": [
                        "aws_nat_gateway.user18_1c",
                        "aws_vpc.user18vpc"
                    ],
                    "primary": {
                        "id": "rtb-06747645036aa74dd",
                        "attributes": {
                            "id": "rtb-06747645036aa74dd",
                            "owner_id": "715652651898",
                            "propagating_vgws.#": "0",
                            "route.#": "1",
                            "route.4092051540.cidr_block": "0.0.0.0/0",
                            "route.4092051540.egress_only_gateway_id": "",
                            "route.4092051540.gateway_id": "",
                            "route.4092051540.instance_id": "",
                            "route.4092051540.ipv6_cidr_block": "",
                            "route.4092051540.nat_gateway_id": "nat-094a16240387843f9",
                            "route.4092051540.network_interface_id": "",
                            "route.4092051540.transit_gateway_id": "",
                            "route.4092051540.vpc_peering_connection_id": "",
                            "tags.%": "1",
                            "tags.Name": "user18-private-1c",
                            "vpc_id": "vpc-091ee5d45607a85e6"
                        },
                        "meta": {},
                        "tainted": false
                    },
                    "deposed": [],
                    "provider": "provider.aws"
                },
                "aws_route_table.user18_public": {
                    "type": "aws_route_table",
                    "depends_on": [
                        "aws_internet_gateway.user18ig",
                        "aws_vpc.user18vpc"
                    ],
                    "primary": {
                        "id": "rtb-020d0e15eb59d5f1c",
                        "attributes": {
                            "id": "rtb-020d0e15eb59d5f1c",
                            "owner_id": "715652651898",
                            "propagating_vgws.#": "0",
                            "route.#": "1",
                            "route.2268753196.cidr_block": "0.0.0.0/0",
                            "route.2268753196.egress_only_gateway_id": "",
                            "route.2268753196.gateway_id": "igw-02b400dcaaec4004f",
                            "route.2268753196.instance_id": "",
                            "route.2268753196.ipv6_cidr_block": "",
                            "route.2268753196.nat_gateway_id": "",
                            "route.2268753196.network_interface_id": "",
                            "route.2268753196.transit_gateway_id": "",
                            "route.2268753196.vpc_peering_connection_id": "",
                            "tags.%": "1",
                            "tags.Name": "user18-public",
                            "vpc_id": "vpc-091ee5d45607a85e6"
                        },
                        "meta": {},
                        "tainted": false
                    },
                    "deposed": [],
                    "provider": "provider.aws"
                },
                "aws_route_table_association.user18_private_1a": {
                    "type": "aws_route_table_association",
                    "depends_on": [
                        "aws_route_table.user18_private_1a",
                        "aws_subnet.private_1a"
                    ],
                    "primary": {
                        "id": "rtbassoc-00854bb407e9009f9",
                        "attributes": {
                            "id": "rtbassoc-00854bb407e9009f9",
                            "route_table_id": "rtb-0b3a7c14b26b38ddd",
                            "subnet_id": "subnet-004ef402ea7812ec3"
                        },
                        "meta": {},
                        "tainted": false
                    },
                    "deposed": [],
                    "provider": "provider.aws"
                },
                "aws_route_table_association.user18_private_1c": {
                    "type": "aws_route_table_association",
                    "depends_on": [
                        "aws_route_table.user18_private_1c",
                        "aws_subnet.private_1c"
                    ],
                    "primary": {
                        "id": "rtbassoc-05df59b0eb344747c",
                        "attributes": {
                            "id": "rtbassoc-05df59b0eb344747c",
                            "route_table_id": "rtb-06747645036aa74dd",
                            "subnet_id": "subnet-0ae49c085cf6d9ddc"
                        },
                        "meta": {},
                        "tainted": false
                    },
                    "deposed": [],
                    "provider": "provider.aws"
                },
                "aws_route_table_association.user18_public_1c": {
                    "type": "aws_route_table_association",
                    "depends_on": [
                        "aws_route_table.user18_public",
                        "aws_subnet.public_1c"
                    ],
                    "primary": {
                        "id": "rtbassoc-03fb43e04e4b9d70e",
                        "attributes": {
                            "id": "rtbassoc-03fb43e04e4b9d70e",
                            "route_table_id": "rtb-020d0e15eb59d5f1c",
                            "subnet_id": "subnet-072f15c87d93a7028"
                        },
                        "meta": {},
                        "tainted": false
                    },
                    "deposed": [],
                    "provider": "provider.aws"
                },
                "aws_route_table_association.user18public_1a": {
                    "type": "aws_route_table_association",
                    "depends_on": [
                        "aws_route_table.user18_public",
                        "aws_subnet.public_1a"
                    ],
                    "primary": {
                        "id": "rtbassoc-0f18702ef299b6caa",
                        "attributes": {
                            "id": "rtbassoc-0f18702ef299b6caa",
                            "route_table_id": "rtb-020d0e15eb59d5f1c",
                            "subnet_id": "subnet-0dce54e3eef03095f"
                        },
                        "meta": {},
                        "tainted": false
                    },
                    "deposed": [],
                    "provider": "provider.aws"
                },
                "aws_security_group.user18_bastion": {
                    "type": "aws_security_group",
                    "depends_on": [
                        "aws_vpc.user18vpc"
                    ],
                    "primary": {
                        "id": "sg-00e807262e45837b2",
                        "attributes": {
                            "arn": "arn:aws:ec2:ap-northeast-1:715652651898:security-group/sg-00e807262e45837b2",
                            "description": "open ssh port for bastion",
                            "egress.#": "1",
                            "egress.482069346.cidr_blocks.#": "1",
                            "egress.482069346.cidr_blocks.0": "0.0.0.0/0",
                            "egress.482069346.description": "",
                            "egress.482069346.from_port": "0",
                            "egress.482069346.ipv6_cidr_blocks.#": "0",
                            "egress.482069346.prefix_list_ids.#": "0",
                            "egress.482069346.protocol": "-1",
                            "egress.482069346.security_groups.#": "0",
                            "egress.482069346.self": "false",
                            "egress.482069346.to_port": "0",
                            "id": "sg-00e807262e45837b2",
                            "ingress.#": "1",
                            "ingress.2541437006.cidr_blocks.#": "1",
                            "ingress.2541437006.cidr_blocks.0": "0.0.0.0/0",
                            "ingress.2541437006.description": "",
                            "ingress.2541437006.from_port": "22",
                            "ingress.2541437006.ipv6_cidr_blocks.#": "0",
                            "ingress.2541437006.prefix_list_ids.#": "0",
                            "ingress.2541437006.protocol": "tcp",
                            "ingress.2541437006.security_groups.#": "0",
                            "ingress.2541437006.self": "false",
                            "ingress.2541437006.to_port": "22",
                            "name": "bastion",
                            "owner_id": "715652651898",
                            "revoke_rules_on_delete": "false",
                            "tags.%": "1",
                            "tags.Name": "user18_bastion",
                            "vpc_id": "vpc-091ee5d45607a85e6"
                        },
                        "meta": {
                            "e2bfb730-ecaa-11e6-8f88-34363bc7c4c0": {
                                "create": 600000000000,
                                "delete": 600000000000
                            },
                            "schema_version": "1"
                        },
                        "tainted": false
                    },
                    "deposed": [],
                    "provider": "provider.aws"
                },
                "aws_subnet.private_1a": {
                    "type": "aws_subnet",
                    "depends_on": [
                        "aws_vpc.user18vpc"
                    ],
                    "primary": {
                        "id": "subnet-004ef402ea7812ec3",
                        "attributes": {
                            "arn": "arn:aws:ec2:ap-northeast-1:715652651898:subnet/subnet-004ef402ea7812ec3",
                            "assign_ipv6_address_on_creation": "false",
                            "availability_zone": "ap-northeast-1a",
                            "availability_zone_id": "apne1-az4",
                            "cidr_block": "18.0.101.0/24",
                            "id": "subnet-004ef402ea7812ec3",
                            "ipv6_cidr_block": "",
                            "ipv6_cidr_block_association_id": "",
                            "map_public_ip_on_launch": "false",
                            "owner_id": "715652651898",
                            "tags.%": "1",
                            "tags.Name": "private-1a",
                            "vpc_id": "vpc-091ee5d45607a85e6"
                        },
                        "meta": {
                            "e2bfb730-ecaa-11e6-8f88-34363bc7c4c0": {
                                "create": 600000000000,
                                "delete": 600000000000
                            },
                            "schema_version": "1"
                        },
                        "tainted": false
                    },
                    "deposed": [],
                    "provider": "provider.aws"
                },
                "aws_subnet.private_1c": {
                    "type": "aws_subnet",
                    "depends_on": [
                        "aws_vpc.user18vpc"
                    ],
                    "primary": {
                        "id": "subnet-0ae49c085cf6d9ddc",
                        "attributes": {
                            "arn": "arn:aws:ec2:ap-northeast-1:715652651898:subnet/subnet-0ae49c085cf6d9ddc",
                            "assign_ipv6_address_on_creation": "false",
                            "availability_zone": "ap-northeast-1c",
                            "availability_zone_id": "apne1-az1",
                            "cidr_block": "18.0.102.0/24",
                            "id": "subnet-0ae49c085cf6d9ddc",
                            "ipv6_cidr_block": "",
                            "ipv6_cidr_block_association_id": "",
                            "map_public_ip_on_launch": "false",
                            "owner_id": "715652651898",
                            "tags.%": "1",
                            "tags.Name": "private-1c",
                            "vpc_id": "vpc-091ee5d45607a85e6"
                        },
                        "meta": {
                            "e2bfb730-ecaa-11e6-8f88-34363bc7c4c0": {
                                "create": 600000000000,
                                "delete": 600000000000
                            },
                            "schema_version": "1"
                        },
                        "tainted": false
                    },
                    "deposed": [],
                    "provider": "provider.aws"
                },
                "aws_subnet.public_1a": {
                    "type": "aws_subnet",
                    "depends_on": [
                        "aws_vpc.user18vpc"
                    ],
                    "primary": {
                        "id": "subnet-0dce54e3eef03095f",
                        "attributes": {
                            "arn": "arn:aws:ec2:ap-northeast-1:715652651898:subnet/subnet-0dce54e3eef03095f",
                            "assign_ipv6_address_on_creation": "false",
                            "availability_zone": "ap-northeast-1a",
                            "availability_zone_id": "apne1-az4",
                            "cidr_block": "18.0.1.0/24",
                            "id": "subnet-0dce54e3eef03095f",
                            "ipv6_cidr_block": "",
                            "ipv6_cidr_block_association_id": "",
                            "map_public_ip_on_launch": "false",
                            "owner_id": "715652651898",
                            "tags.%": "1",
                            "tags.Name": "public-1a",
                            "vpc_id": "vpc-091ee5d45607a85e6"
                        },
                        "meta": {
                            "e2bfb730-ecaa-11e6-8f88-34363bc7c4c0": {
                                "create": 600000000000,
                                "delete": 600000000000
                            },
                            "schema_version": "1"
                        },
                        "tainted": false
                    },
                    "deposed": [],
                    "provider": "provider.aws"
                },
                "aws_subnet.public_1c": {
                    "type": "aws_subnet",
                    "depends_on": [
                        "aws_vpc.user18vpc"
                    ],
                    "primary": {
                        "id": "subnet-072f15c87d93a7028",
                        "attributes": {
                            "arn": "arn:aws:ec2:ap-northeast-1:715652651898:subnet/subnet-072f15c87d93a7028",
                            "assign_ipv6_address_on_creation": "false",
                            "availability_zone": "ap-northeast-1c",
                            "availability_zone_id": "apne1-az1",
                            "cidr_block": "18.0.2.0/24",
                            "id": "subnet-072f15c87d93a7028",
                            "ipv6_cidr_block": "",
                            "ipv6_cidr_block_association_id": "",
                            "map_public_ip_on_launch": "false",
                            "owner_id": "715652651898",
                            "tags.%": "1",
                            "tags.Name": "public-1c",
                            "vpc_id": "vpc-091ee5d45607a85e6"
                        },
                        "meta": {
                            "e2bfb730-ecaa-11e6-8f88-34363bc7c4c0": {
                                "create": 600000000000,
                                "delete": 600000000000
                            },
                            "schema_version": "1"
                        },
                        "tainted": false
                    },
                    "deposed": [],
                    "provider": "provider.aws"
                },
                "aws_vpc.user18vpc": {
                    "type": "aws_vpc",
                    "depends_on": [],
                    "primary": {
                        "id": "vpc-091ee5d45607a85e6",
                        "attributes": {
                            "arn": "arn:aws:ec2:ap-northeast-1:715652651898:vpc/vpc-091ee5d45607a85e6",
                            "assign_generated_ipv6_cidr_block": "false",
                            "cidr_block": "18.0.0.0/16",
                            "default_network_acl_id": "acl-0c63ec9eac72d89c2",
                            "default_route_table_id": "rtb-0f439737d2b2a0a06",
                            "default_security_group_id": "sg-0883397bca399f063",
                            "dhcp_options_id": "dopt-016465633e792cfbc",
                            "enable_classiclink": "false",
                            "enable_classiclink_dns_support": "false",
                            "enable_dns_hostnames": "true",
                            "enable_dns_support": "true",
                            "id": "vpc-091ee5d45607a85e6",
                            "instance_tenancy": "default",
                            "ipv6_association_id": "",
                            "ipv6_cidr_block": "",
                            "main_route_table_id": "rtb-0f439737d2b2a0a06",
                            "owner_id": "715652651898",
                            "tags.%": "1",
                            "tags.Name": "user18"
                        },
                        "meta": {
                            "schema_version": "1"
                        },
                        "tainted": false
                    },
                    "deposed": [],
                    "provider": "provider.aws"
                }
            },
            "depends_on": []
        }
    ]
}
